
Microsoft Visual Studio Solution File, Format Version 12.00
# Visual Studio Version 17
VisualStudioVersion = 17.6.33620.401
MinimumVisualStudioVersion = 10.0.40219.1
Project("{FAE04EC0-301F-11D3-BF4B-00C04F79EFBC}") = "Workbench World Editor", "Workbench World Editor.csproj", "{720AAC10-ED49-4CF1-8D29-264575FA7F20}"
EndProject
Global
	GlobalSection(SolutionConfigurationPlatforms) = preSolution
		Debug|Any CPU = Debug|Any CPU
		Release|Any CPU = Release|Any CPU
	EndGlobalSection
	GlobalSection(ProjectConfigurationPlatforms) = postSolution
		{720AAC10-ED49-4CF1-8D29-264575FA7F20}.Debug|Any CPU.ActiveCfg = Debug|Any CPU
		{720AAC10-ED49-4CF1-8D29-264575FA7F20}.Debug|Any CPU.Build.0 = Debug|Any CPU
		{720AAC10-ED49-4CF1-8D29-264575FA7F20}.Release|Any CPU.ActiveCfg = Release|Any CPU
		{720AAC10-ED49-4CF1-8D29-264575FA7F20}.Release|Any CPU.Build.0 = Release|Any CPU
	EndGlobalSection
	GlobalSection(SolutionProperties) = preSolution
		HideSolutionNode = FALSE
	EndGlobalSection
	GlobalSection(ExtensibilityGlobals) = postSolution
		SolutionGuid = {A2DE40A0-AF17-4A61-9A4E-0D477282E55C}
	EndGlobalSection
EndGlobal
